
Microsoft Visual Studio Solution File, Format Version 12.00
# Visual Studio Version 17
VisualStudioVersion = 17.2.32526.322
MinimumVisualStudioVersion = 10.0.40219.1
Project("{FAE04EC0-301F-11D3-BF4B-00C04F79EFBC}") = "ProjeIt_UI", "ProjeIt_UI\ProjeIt_UI.csproj", "{FE9DBF9D-002A-4699-8BF8-B32A7B580738}"
EndProject
Global
	GlobalSection(SolutionConfigurationPlatforms) = preSolution
		Debug|Any CPU = Debug|Any CPU
		Release|Any CPU = Release|Any CPU
	EndGlobalSection
	GlobalSection(ProjectConfigurationPlatforms) = postSolution
		{FE9DBF9D-002A-4699-8BF8-B32A7B580738}.Debug|Any CPU.ActiveCfg = Debug|Any CPU
		{FE9DBF9D-002A-4699-8BF8-B32A7B580738}.Debug|Any CPU.Build.0 = Debug|Any CPU
		{FE9DBF9D-002A-4699-8BF8-B32A7B580738}.Release|Any CPU.ActiveCfg = Release|Any CPU
		{FE9DBF9D-002A-4699-8BF8-B32A7B580738}.Release|Any CPU.Build.0 = Release|Any CPU
	EndGlobalSection
	GlobalSection(SolutionProperties) = preSolution
		HideSolutionNode = FALSE
	EndGlobalSection
	GlobalSection(ExtensibilityGlobals) = postSolution
		SolutionGuid = {61C5FC32-0895-47D7-98E0-44FD8BEA0E9C}
	EndGlobalSection
EndGlobal
